
Microsoft Visual Studio Solution File, Format Version 12.00
# Visual Studio 2012
Project("{FAE04EC0-301F-11D3-BF4B-00C04F79EFBC}") = "ForeignExchangeMac1", "ForeignExchangeMac1\ForeignExchangeMac1.csproj", "{E16B5725-5280-42D5-9341-162B21B59B33}"
EndProject
Project("{FAE04EC0-301F-11D3-BF4B-00C04F79EFBC}") = "ForeignExchangeMac1.iOS", "iOS\ForeignExchangeMac1.iOS.csproj", "{1B199A69-91F8-4E88-8DD6-7AE731FA39A4}"
EndProject
Project("{FAE04EC0-301F-11D3-BF4B-00C04F79EFBC}") = "ForeignExchangeMac1.Droid", "Droid\ForeignExchangeMac1.Droid.csproj", "{D3408689-86B9-4F9A-8603-0BCB9861AD5A}"
EndProject
Global
	GlobalSection(SolutionConfigurationPlatforms) = preSolution
		Debug|Any CPU = Debug|Any CPU
		Release|Any CPU = Release|Any CPU
		Debug|iPhoneSimulator = Debug|iPhoneSimulator
		Release|iPhone = Release|iPhone
		Release|iPhoneSimulator = Release|iPhoneSimulator
		Debug|iPhone = Debug|iPhone
	EndGlobalSection
	GlobalSection(ProjectConfigurationPlatforms) = postSolution
		{E16B5725-5280-42D5-9341-162B21B59B33}.Debug|Any CPU.ActiveCfg = Debug|Any CPU
		{E16B5725-5280-42D5-9341-162B21B59B33}.Debug|Any CPU.Build.0 = Debug|Any CPU
		{E16B5725-5280-42D5-9341-162B21B59B33}.Release|Any CPU.ActiveCfg = Release|Any CPU
		{E16B5725-5280-42D5-9341-162B21B59B33}.Release|Any CPU.Build.0 = Release|Any CPU
		{E16B5725-5280-42D5-9341-162B21B59B33}.Debug|iPhoneSimulator.ActiveCfg = Debug|Any CPU
		{E16B5725-5280-42D5-9341-162B21B59B33}.Debug|iPhoneSimulator.Build.0 = Debug|Any CPU
		{E16B5725-5280-42D5-9341-162B21B59B33}.Release|iPhone.ActiveCfg = Release|Any CPU
		{E16B5725-5280-42D5-9341-162B21B59B33}.Release|iPhone.Build.0 = Release|Any CPU
		{E16B5725-5280-42D5-9341-162B21B59B33}.Release|iPhoneSimulator.ActiveCfg = Release|Any CPU
		{E16B5725-5280-42D5-9341-162B21B59B33}.Release|iPhoneSimulator.Build.0 = Release|Any CPU
		{E16B5725-5280-42D5-9341-162B21B59B33}.Debug|iPhone.ActiveCfg = Debug|Any CPU
		{E16B5725-5280-42D5-9341-162B21B59B33}.Debug|iPhone.Build.0 = Debug|Any CPU
		{1B199A69-91F8-4E88-8DD6-7AE731FA39A4}.Debug|Any CPU.ActiveCfg = Debug|iPhoneSimulator
		{1B199A69-91F8-4E88-8DD6-7AE731FA39A4}.Debug|Any CPU.Build.0 = Debug|iPhoneSimulator
		{1B199A69-91F8-4E88-8DD6-7AE731FA39A4}.Release|Any CPU.ActiveCfg = Release|iPhone
		{1B199A69-91F8-4E88-8DD6-7AE731FA39A4}.Release|Any CPU.Build.0 = Release|iPhone
		{1B199A69-91F8-4E88-8DD6-7AE731FA39A4}.Debug|iPhoneSimulator.ActiveCfg = Debug|iPhoneSimulator
		{1B199A69-91F8-4E88-8DD6-7AE731FA39A4}.Debug|iPhoneSimulator.Build.0 = Debug|iPhoneSimulator
		{1B199A69-91F8-4E88-8DD6-7AE731FA39A4}.Release|iPhone.ActiveCfg = Release|iPhone
		{1B199A69-91F8-4E88-8DD6-7AE731FA39A4}.Release|iPhone.Build.0 = Release|iPhone
		{1B199A69-91F8-4E88-8DD6-7AE731FA39A4}.Release|iPhoneSimulator.ActiveCfg = Release|iPhoneSimulator
		{1B199A69-91F8-4E88-8DD6-7AE731FA39A4}.Release|iPhoneSimulator.Build.0 = Release|iPhoneSimulator
		{1B199A69-91F8-4E88-8DD6-7AE731FA39A4}.Debug|iPhone.ActiveCfg = Debug|iPhone
		{1B199A69-91F8-4E88-8DD6-7AE731FA39A4}.Debug|iPhone.Build.0 = Debug|iPhone
		{D3408689-86B9-4F9A-8603-0BCB9861AD5A}.Debug|Any CPU.ActiveCfg = Debug|Any CPU
		{D3408689-86B9-4F9A-8603-0BCB9861AD5A}.Debug|Any CPU.Build.0 = Debug|Any CPU
		{D3408689-86B9-4F9A-8603-0BCB9861AD5A}.Release|Any CPU.ActiveCfg = Release|Any CPU
		{D3408689-86B9-4F9A-8603-0BCB9861AD5A}.Release|Any CPU.Build.0 = Release|Any CPU
		{D3408689-86B9-4F9A-8603-0BCB9861AD5A}.Debug|iPhoneSimulator.ActiveCfg = Debug|Any CPU
		{D3408689-86B9-4F9A-8603-0BCB9861AD5A}.Debug|iPhoneSimulator.Build.0 = Debug|Any CPU
		{D3408689-86B9-4F9A-8603-0BCB9861AD5A}.Release|iPhone.ActiveCfg = Release|Any CPU
		{D3408689-86B9-4F9A-8603-0BCB9861AD5A}.Release|iPhone.Build.0 = Release|Any CPU
		{D3408689-86B9-4F9A-8603-0BCB9861AD5A}.Release|iPhoneSimulator.ActiveCfg = Release|Any CPU
		{D3408689-86B9-4F9A-8603-0BCB9861AD5A}.Release|iPhoneSimulator.Build.0 = Release|Any CPU
		{D3408689-86B9-4F9A-8603-0BCB9861AD5A}.Debug|iPhone.ActiveCfg = Debug|Any CPU
		{D3408689-86B9-4F9A-8603-0BCB9861AD5A}.Debug|iPhone.Build.0 = Debug|Any CPU
	EndGlobalSection
EndGlobal
